
Microsoft Visual Studio Solution File, Format Version 12.00
# Visual Studio Version 16
VisualStudioVersion = 16.0.30114.105
MinimumVisualStudioVersion = 10.0.40219.1
Project("{9A19103F-16F7-4668-BE54-9A1E7A4F7556}") = "Amazonia.BLL", "Amazonia.BLL\Amazonia.BLL.csproj", "{76D6B8E1-AD89-41AD-BF63-28CE4E98461E}"
EndProject
Project("{9A19103F-16F7-4668-BE54-9A1E7A4F7556}") = "Amazonia.DAL", "Amazonia.DAL\Amazonia.DAL.csproj", "{66482179-4D11-436C-BFBD-BC803AC1DD9E}"
EndProject
Project("{9A19103F-16F7-4668-BE54-9A1E7A4F7556}") = "Amazonia.WebAPI", "Amazonia.WebAPI\Amazonia.WebAPI.csproj", "{9E1FA0E5-113D-406E-9EAF-DEFA07DD47C7}"
EndProject
Project("{9A19103F-16F7-4668-BE54-9A1E7A4F7556}") = "Amazonia.WebAPP", "Amazonia.WebAPP\Amazonia.WebAPP.csproj", "{454F2AD8-C660-4E15-B7F7-13E8297DE17C}"
EndProject
Project("{9A19103F-16F7-4668-BE54-9A1E7A4F7556}") = "Amazonia.ConsoleApp", "Amazonia.ConsoleApp\Amazonia.ConsoleApp.csproj", "{9D837F7E-68DE-42B8-841A-95A0F7C672C0}"
EndProject
Project("{9A19103F-16F7-4668-BE54-9A1E7A4F7556}") = "Amazonia.DAL.Tests", "Amazonia.DAL.Tests\Amazonia.DAL.Tests.csproj", "{F29B2516-FB18-40C0-B32C-CDABDBF02B6F}"
EndProject
Project("{00D1A9C2-B5F0-4AF3-8072-F6C62B433612}") = "Amazonia.Database", "Amazonia.Database\Amazonia.Database.sqlproj", "{85DC6AA5-106B-4D86-9C78-E2677854909F}"
EndProject
Global
	GlobalSection(SolutionConfigurationPlatforms) = preSolution
		Debug|Any CPU = Debug|Any CPU
		Debug|x64 = Debug|x64
		Debug|x86 = Debug|x86
		Release|Any CPU = Release|Any CPU
		Release|x64 = Release|x64
		Release|x86 = Release|x86
	EndGlobalSection
	GlobalSection(ProjectConfigurationPlatforms) = postSolution
		{76D6B8E1-AD89-41AD-BF63-28CE4E98461E}.Debug|Any CPU.ActiveCfg = Debug|Any CPU
		{76D6B8E1-AD89-41AD-BF63-28CE4E98461E}.Debug|Any CPU.Build.0 = Debug|Any CPU
		{76D6B8E1-AD89-41AD-BF63-28CE4E98461E}.Debug|x64.ActiveCfg = Debug|Any CPU
		{76D6B8E1-AD89-41AD-BF63-28CE4E98461E}.Debug|x64.Build.0 = Debug|Any CPU
		{76D6B8E1-AD89-41AD-BF63-28CE4E98461E}.Debug|x86.ActiveCfg = Debug|Any CPU
		{76D6B8E1-AD89-41AD-BF63-28CE4E98461E}.Debug|x86.Build.0 = Debug|Any CPU
		{76D6B8E1-AD89-41AD-BF63-28CE4E98461E}.Release|Any CPU.ActiveCfg = Release|Any CPU
		{76D6B8E1-AD89-41AD-BF63-28CE4E98461E}.Release|Any CPU.Build.0 = Release|Any CPU
		{76D6B8E1-AD89-41AD-BF63-28CE4E98461E}.Release|x64.ActiveCfg = Release|Any CPU
		{76D6B8E1-AD89-41AD-BF63-28CE4E98461E}.Release|x64.Build.0 = Release|Any CPU
		{76D6B8E1-AD89-41AD-BF63-28CE4E98461E}.Release|x86.ActiveCfg = Release|Any CPU
		{76D6B8E1-AD89-41AD-BF63-28CE4E98461E}.Release|x86.Build.0 = Release|Any CPU
		{66482179-4D11-436C-BFBD-BC803AC1DD9E}.Debug|Any CPU.ActiveCfg = Debug|Any CPU
		{66482179-4D11-436C-BFBD-BC803AC1DD9E}.Debug|Any CPU.Build.0 = Debug|Any CPU
		{66482179-4D11-436C-BFBD-BC803AC1DD9E}.Debug|x64.ActiveCfg = Debug|Any CPU
		{66482179-4D11-436C-BFBD-BC803AC1DD9E}.Debug|x64.Build.0 = Debug|Any CPU
		{66482179-4D11-436C-BFBD-BC803AC1DD9E}.Debug|x86.ActiveCfg = Debug|Any CPU
		{66482179-4D11-436C-BFBD-BC803AC1DD9E}.Debug|x86.Build.0 = Debug|Any CPU
		{66482179-4D11-436C-BFBD-BC803AC1DD9E}.Release|Any CPU.ActiveCfg = Release|Any CPU
		{66482179-4D11-436C-BFBD-BC803AC1DD9E}.Release|Any CPU.Build.0 = Release|Any CPU
		{66482179-4D11-436C-BFBD-BC803AC1DD9E}.Release|x64.ActiveCfg = Release|Any CPU
		{66482179-4D11-436C-BFBD-BC803AC1DD9E}.Release|x64.Build.0 = Release|Any CPU
		{66482179-4D11-436C-BFBD-BC803AC1DD9E}.Release|x86.ActiveCfg = Release|Any CPU
		{66482179-4D11-436C-BFBD-BC803AC1DD9E}.Release|x86.Build.0 = Release|Any CPU
		{9E1FA0E5-113D-406E-9EAF-DEFA07DD47C7}.Debug|Any CPU.ActiveCfg = Debug|Any CPU
		{9E1FA0E5-113D-406E-9EAF-DEFA07DD47C7}.Debug|Any CPU.Build.0 = Debug|Any CPU
		{9E1FA0E5-113D-406E-9EAF-DEFA07DD47C7}.Debug|x64.ActiveCfg = Debug|Any CPU
		{9E1FA0E5-113D-406E-9EAF-DEFA07DD47C7}.Debug|x64.Build.0 = Debug|Any CPU
		{9E1FA0E5-113D-406E-9EAF-DEFA07DD47C7}.Debug|x86.ActiveCfg = Debug|Any CPU
		{9E1FA0E5-113D-406E-9EAF-DEFA07DD47C7}.Debug|x86.Build.0 = Debug|Any CPU
		{9E1FA0E5-113D-406E-9EAF-DEFA07DD47C7}.Release|Any CPU.ActiveCfg = Release|Any CPU
		{9E1FA0E5-113D-406E-9EAF-DEFA07DD47C7}.Release|Any CPU.Build.0 = Release|Any CPU
		{9E1FA0E5-113D-406E-9EAF-DEFA07DD47C7}.Release|x64.ActiveCfg = Release|Any CPU
		{9E1FA0E5-113D-406E-9EAF-DEFA07DD47C7}.Release|x64.Build.0 = Release|Any CPU
		{9E1FA0E5-113D-406E-9EAF-DEFA07DD47C7}.Release|x86.ActiveCfg = Release|Any CPU
		{9E1FA0E5-113D-406E-9EAF-DEFA07DD47C7}.Release|x86.Build.0 = Release|Any CPU
		{454F2AD8-C660-4E15-B7F7-13E8297DE17C}.Debug|Any CPU.ActiveCfg = Debug|Any CPU
		{454F2AD8-C660-4E15-B7F7-13E8297DE17C}.Debug|Any CPU.Build.0 = Debug|Any CPU
		{454F2AD8-C660-4E15-B7F7-13E8297DE17C}.Debug|x64.ActiveCfg = Debug|Any CPU
		{454F2AD8-C660-4E15-B7F7-13E8297DE17C}.Debug|x64.Build.0 = Debug|Any CPU
		{454F2AD8-C660-4E15-B7F7-13E8297DE17C}.Debug|x86.ActiveCfg = Debug|Any CPU
		{454F2AD8-C660-4E15-B7F7-13E8297DE17C}.Debug|x86.Build.0 = Debug|Any CPU
		{454F2AD8-C660-4E15-B7F7-13E8297DE17C}.Release|Any CPU.ActiveCfg = Release|Any CPU
		{454F2AD8-C660-4E15-B7F7-13E8297DE17C}.Release|Any CPU.Build.0 = Release|Any CPU
		{454F2AD8-C660-4E15-B7F7-13E8297DE17C}.Release|x64.ActiveCfg = Release|Any CPU
		{454F2AD8-C660-4E15-B7F7-13E8297DE17C}.Release|x64.Build.0 = Release|Any CPU
		{454F2AD8-C660-4E15-B7F7-13E8297DE17C}.Release|x86.ActiveCfg = Release|Any CPU
		{454F2AD8-C660-4E15-B7F7-13E8297DE17C}.Release|x86.Build.0 = Release|Any CPU
		{9D837F7E-68DE-42B8-841A-95A0F7C672C0}.Debug|Any CPU.ActiveCfg = Debug|Any CPU
		{9D837F7E-68DE-42B8-841A-95A0F7C672C0}.Debug|Any CPU.Build.0 = Debug|Any CPU
		{9D837F7E-68DE-42B8-841A-95A0F7C672C0}.Debug|x64.ActiveCfg = Debug|Any CPU
		{9D837F7E-68DE-42B8-841A-95A0F7C672C0}.Debug|x64.Build.0 = Debug|Any CPU
		{9D837F7E-68DE-42B8-841A-95A0F7C672C0}.Debug|x86.ActiveCfg = Debug|Any CPU
		{9D837F7E-68DE-42B8-841A-95A0F7C672C0}.Debug|x86.Build.0 = Debug|Any CPU
		{9D837F7E-68DE-42B8-841A-95A0F7C672C0}.Release|Any CPU.ActiveCfg = Release|Any CPU
		{9D837F7E-68DE-42B8-841A-95A0F7C672C0}.Release|Any CPU.Build.0 = Release|Any CPU
		{9D837F7E-68DE-42B8-841A-95A0F7C672C0}.Release|x64.ActiveCfg = Release|Any CPU
		{9D837F7E-68DE-42B8-841A-95A0F7C672C0}.Release|x64.Build.0 = Release|Any CPU
		{9D837F7E-68DE-42B8-841A-95A0F7C672C0}.Release|x86.ActiveCfg = Release|Any CPU
		{9D837F7E-68DE-42B8-841A-95A0F7C672C0}.Release|x86.Build.0 = Release|Any CPU
		{F29B2516-FB18-40C0-B32C-CDABDBF02B6F}.Debug|Any CPU.ActiveCfg = Debug|Any CPU
		{F29B2516-FB18-40C0-B32C-CDABDBF02B6F}.Debug|Any CPU.Build.0 = Debug|Any CPU
		{F29B2516-FB18-40C0-B32C-CDABDBF02B6F}.Debug|x64.ActiveCfg = Debug|Any CPU
		{F29B2516-FB18-40C0-B32C-CDABDBF02B6F}.Debug|x64.Build.0 = Debug|Any CPU
		{F29B2516-FB18-40C0-B32C-CDABDBF02B6F}.Debug|x86.ActiveCfg = Debug|Any CPU
		{F29B2516-FB18-40C0-B32C-CDABDBF02B6F}.Debug|x86.Build.0 = Debug|Any CPU
		{F29B2516-FB18-40C0-B32C-CDABDBF02B6F}.Release|Any CPU.ActiveCfg = Release|Any CPU
		{F29B2516-FB18-40C0-B32C-CDABDBF02B6F}.Release|Any CPU.Build.0 = Release|Any CPU
		{F29B2516-FB18-40C0-B32C-CDABDBF02B6F}.Release|x64.ActiveCfg = Release|Any CPU
		{F29B2516-FB18-40C0-B32C-CDABDBF02B6F}.Release|x64.Build.0 = Release|Any CPU
		{F29B2516-FB18-40C0-B32C-CDABDBF02B6F}.Release|x86.ActiveCfg = Release|Any CPU
		{F29B2516-FB18-40C0-B32C-CDABDBF02B6F}.Release|x86.Build.0 = Release|Any CPU
		{85DC6AA5-106B-4D86-9C78-E2677854909F}.Debug|Any CPU.ActiveCfg = Debug|Any CPU
		{85DC6AA5-106B-4D86-9C78-E2677854909F}.Debug|Any CPU.Build.0 = Debug|Any CPU
		{85DC6AA5-106B-4D86-9C78-E2677854909F}.Debug|Any CPU.Deploy.0 = Debug|Any CPU
		{85DC6AA5-106B-4D86-9C78-E2677854909F}.Debug|x64.ActiveCfg = Debug|Any CPU
		{85DC6AA5-106B-4D86-9C78-E2677854909F}.Debug|x64.Build.0 = Debug|Any CPU
		{85DC6AA5-106B-4D86-9C78-E2677854909F}.Debug|x64.Deploy.0 = Debug|Any CPU
		{85DC6AA5-106B-4D86-9C78-E2677854909F}.Debug|x86.ActiveCfg = Debug|Any CPU
		{85DC6AA5-106B-4D86-9C78-E2677854909F}.Debug|x86.Build.0 = Debug|Any CPU
		{85DC6AA5-106B-4D86-9C78-E2677854909F}.Debug|x86.Deploy.0 = Debug|Any CPU
		{85DC6AA5-106B-4D86-9C78-E2677854909F}.Release|Any CPU.ActiveCfg = Release|Any CPU
		{85DC6AA5-106B-4D86-9C78-E2677854909F}.Release|Any CPU.Build.0 = Release|Any CPU
		{85DC6AA5-106B-4D86-9C78-E2677854909F}.Release|Any CPU.Deploy.0 = Release|Any CPU
		{85DC6AA5-106B-4D86-9C78-E2677854909F}.Release|x64.ActiveCfg = Release|Any CPU
		{85DC6AA5-106B-4D86-9C78-E2677854909F}.Release|x64.Build.0 = Release|Any CPU
		{85DC6AA5-106B-4D86-9C78-E2677854909F}.Release|x64.Deploy.0 = Release|Any CPU
		{85DC6AA5-106B-4D86-9C78-E2677854909F}.Release|x86.ActiveCfg = Release|Any CPU
		{85DC6AA5-106B-4D86-9C78-E2677854909F}.Release|x86.Build.0 = Release|Any CPU
		{85DC6AA5-106B-4D86-9C78-E2677854909F}.Release|x86.Deploy.0 = Release|Any CPU
	EndGlobalSection
	GlobalSection(SolutionProperties) = preSolution
		HideSolutionNode = FALSE
	EndGlobalSection
	GlobalSection(ExtensibilityGlobals) = postSolution
		SolutionGuid = {486DC5A6-AE00-492A-A36C-D82FA93BD60B}
	EndGlobalSection
EndGlobal
